{
  "name": "rental_marketplace",
  "lockfileVersion": 3,
  "requires": true,
  "packages": {
    "": {
      "devDependencies": {
        "prettier": "^3.3.3",
        "prettier-plugin-solidity": "^2.2.1"
      }
    },
    "node_modules/@bytecodealliance/preview2-shim": {
      "version": "0.17.8",
      "resolved": "https://registry.npmjs.org/@bytecodealliance/preview2-shim/-/preview2-shim-0.17.8.tgz",
      "integrity": "sha512-wS5kg8u0KCML1UeHQPJ1IuOI24x/XLentCzsqPER1+gDNC5Cz2hG4G2blLOZap+3CEGhIhnJ9mmZYj6a2W0Lww==",
      "dev": true,
      "license": "(Apache-2.0 WITH LLVM-exception)"
    },
    "node_modules/@nomicfoundation/slang": {
      "version": "1.3.1",
      "resolved": "https://registry.npmjs.org/@nomicfoundation/slang/-/slang-1.3.1.tgz",
      "integrity": "sha512-gh0+JDjazmevEYCcwVgtuyfBJcV1209gIORZNRjUxbGzbQN0MOhQO9T0ptkzHKCf854gUy27SMxPbAyAu63fvQ==",
      "dev": true,
      "license": "MIT",
      "dependencies": {
        "@bytecodealliance/preview2-shim": "^0.17.2"
      }
    },
    "node_modules/@solidity-parser/parser": {
      "version": "0.20.2",
      "resolved": "https://registry.npmjs.org/@solidity-parser/parser/-/parser-0.20.2.tgz",
      "integrity": "sha512-rbu0bzwNvMcwAjH86hiEAcOeRI2EeK8zCkHDrFykh/Al8mvJeFmjy3UrE7GYQjNwOgbGUUtCn5/k8CB8zIu7QA==",
      "dev": true,
      "license": "MIT"
    },
    "node_modules/prettier": {
      "version": "3.3.3",
      "resolved": "https://registry.npmjs.org/prettier/-/prettier-3.3.3.tgz",
      "integrity": "sha512-i2tDNA0O5IrMO757lfrdQZCc2jPNDVntV0m/+4whiDfWaTKfMNgR7Qz0NAeGz/nRqF4m5/6CLzbP4/liHt12Ew==",
      "dev": true,
      "license": "MIT",
      "peer": true,
      "bin": {
        "prettier": "bin/prettier.cjs"
      },
      "engines": {
        "node": ">=14"
      },
      "funding": {
        "url": "https://github.com/prettier/prettier?sponsor=1"
      }
    },
    "node_modules/prettier-plugin-solidity": {
      "version": "2.2.1",
      "resolved": "https://registry.npmjs.org/prettier-plugin-solidity/-/prettier-plugin-solidity-2.2.1.tgz",
      "integrity": "sha512-LOHfxECJ/gHsY7qi4D7vanz8cVsCf6yFotBapJ5O0qaX0ZR1sGUzbWfMd4JeQYOItFl+wXW9IcjZOdfr6bmSvQ==",
      "dev": true,
      "license": "MIT",
      "dependencies": {
        "@nomicfoundation/slang": "1.3.1",
        "@solidity-parser/parser": "^0.20.2",
        "semver": "^7.7.3"
      },
      "engines": {
        "node": ">=20"
      },
      "peerDependencies": {
        "prettier": ">=3.0.0"
      }
    },
    "node_modules/semver": {
      "version": "7.7.4",
      "resolved": "https://registry.npmjs.org/semver/-/semver-7.7.4.tgz",
      "integrity": "sha512-vFKC2IEtQnVhpT78h1Yp8wzwrf8CM+MzKMHGJZfBtzhZNycRFnXsHk6E5TxIkkMsgNS7mdX3AGB7x2QM2di4lA==",
      "dev": true,
      "license": "ISC",
      "bin": {
        "semver": "bin/semver.js"
      },
      "engines": {
        "node": ">=10"
      }
    }
  }
}
